
Microsoft Visual Studio Solution File, Format Version 12.00
# Visual Studio Version 17
VisualStudioVersion = 17.14.36221.1 d17.14
MinimumVisualStudioVersion = 10.0.40219.1
Project("{FAE04EC0-301F-11D3-BF4B-00C04F79EFBC}") = "WebApi_Handson1", "WebApi_Handson1\WebApi_Handson1.csproj", "{DBF97C5B-C431-484C-AE1F-D38E7E8E7AB3}"
EndProject
Global
	GlobalSection(SolutionConfigurationPlatforms) = preSolution
		Debug|Any CPU = Debug|Any CPU
		Release|Any CPU = Release|Any CPU
	EndGlobalSection
	GlobalSection(ProjectConfigurationPlatforms) = postSolution
		{DBF97C5B-C431-484C-AE1F-D38E7E8E7AB3}.Debug|Any CPU.ActiveCfg = Debug|Any CPU
		{DBF97C5B-C431-484C-AE1F-D38E7E8E7AB3}.Debug|Any CPU.Build.0 = Debug|Any CPU
		{DBF97C5B-C431-484C-AE1F-D38E7E8E7AB3}.Release|Any CPU.ActiveCfg = Release|Any CPU
		{DBF97C5B-C431-484C-AE1F-D38E7E8E7AB3}.Release|Any CPU.Build.0 = Release|Any CPU
	EndGlobalSection
	GlobalSection(SolutionProperties) = preSolution
		HideSolutionNode = FALSE
	EndGlobalSection
	GlobalSection(ExtensibilityGlobals) = postSolution
		SolutionGuid = {7E85FED6-F9FF-4111-B535-96B0CFE4D5A9}
	EndGlobalSection
EndGlobal
